{
  "nodes": {
    "flake-parts": {
      "inputs": {
        "nixpkgs-lib": [
          "unit2nix",
          "nixpkgs"
        ]
      },
      "locked": {
        "lastModified": 1775087534,
        "narHash": "sha256-91qqW8lhL7TLwgQWijoGBbiD4t7/q75KTi8NxjVmSmA=",
        "owner": "hercules-ci",
        "repo": "flake-parts",
        "rev": "3107b77cd68437b9a76194f0f7f9c55f2329ca5b",
        "type": "github"
      },
      "original": {
        "owner": "hercules-ci",
        "repo": "flake-parts",
        "type": "github"
      }
    },
    "flake-utils": {
      "inputs": {
        "systems": "systems"
      },
      "locked": {
        "lastModified": 1731533236,
        "narHash": "sha256-l0KFg5HjrsfsO/JpG+r7fRrqm12kzFHyUHqHCVpMMbI=",
        "owner": "numtide",
        "repo": "flake-utils",
        "rev": "11707dc2f618dd54ca8739b309ec4fc024de578b",
        "type": "github"
      },
      "original": {
        "owner": "numtide",
        "repo": "flake-utils",
        "type": "github"
      }
    },
    "nixpkgs": {
      "locked": {
        "lastModified": 1778580735,
        "narHash": "sha256-t+8AVV8ExvOmslz2sLIgw/hJBKlyl65rJvxjvvjHgpE=",
        "owner": "NixOS",
        "repo": "nixpkgs",
        "rev": "48d91f2c0ce7b9e589f967d4f685153dd765dcdd",
        "type": "github"
      },
      "original": {
        "owner": "NixOS",
        "ref": "nixpkgs-unstable",
        "repo": "nixpkgs",
        "type": "github"
      }
    },
    "ratcore-src": {
      "flake": false,
      "locked": {
        "lastModified": 1776980590,
        "narHash": "sha256-+7BPyodB9K7gn4ZrltP1wrQJN0BsqXd2Jhe9OM6BK7o=",
        "owner": "brittonr",
        "repo": "ratcore",
        "rev": "ec0bdc559b54b8099653acce018b1b1131568fc7",
        "type": "github"
      },
      "original": {
        "owner": "brittonr",
        "repo": "ratcore",
        "type": "github"
      }
    },
    "root": {
      "inputs": {
        "flake-utils": "flake-utils",
        "nixpkgs": "nixpkgs",
        "ratcore-src": "ratcore-src",
        "rust-overlay": "rust-overlay",
        "subwayrat-src": "subwayrat-src",
        "ucan-src": "ucan-src",
        "unit2nix": "unit2nix"
      }
    },
    "rust-overlay": {
      "inputs": {
        "nixpkgs": [
          "nixpkgs"
        ]
      },
      "locked": {
        "lastModified": 1778555852,
        "narHash": "sha256-55EmwooVAS4UpA0oWd5wilKPRqCiHD5BAej9QiNwheY=",
        "owner": "oxalica",
        "repo": "rust-overlay",
        "rev": "f29b0f7a9f367e0056b716f8aa137cb41e784444",
        "type": "github"
      },
      "original": {
        "owner": "oxalica",
        "repo": "rust-overlay",
        "type": "github"
      }
    },
    "subwayrat-src": {
      "flake": false,
      "locked": {
        "lastModified": 1777144370,
        "narHash": "sha256-WHMtm38pQirmjZ/5Ua0unGhj4pIDaEixXG1pBUYWmTQ=",
        "ref": "refs/heads/main",
        "rev": "9d68c69f13ad5c4385e8c96ff727bd6a7a1f8dd2",
        "revCount": 46,
        "type": "git",
        "url": "ssh://git@github.com/brittonr/subwayrat.git"
      },
      "original": {
        "type": "git",
        "url": "ssh://git@github.com/brittonr/subwayrat.git"
      }
    },
    "systems": {
      "locked": {
        "lastModified": 1681028828,
        "narHash": "sha256-Vy1rq5AaRuLzOxct8nz4T6wlgyUR7zLU309k9mBC768=",
        "owner": "nix-systems",
        "repo": "default",
        "rev": "da67096a3b9bf56a91d16901293e51ba5b49a27e",
        "type": "github"
      },
      "original": {
        "owner": "nix-systems",
        "repo": "default",
        "type": "github"
      }
    },
    "ucan-src": {
      "flake": false,
      "locked": {
        "lastModified": 1778101697,
        "narHash": "sha256-Hn0sK7y/lnGNKWxGuqiPOlqni4OTfh+aqhMxXNZ0oTI=",
        "ref": "refs/heads/main",
        "rev": "ad61b53e89fa45f9bf7d313ce14c45de645bf53d",
        "revCount": 85,
        "type": "git",
        "url": "ssh://git@github.com/OnixResearch/ucan.git"
      },
      "original": {
        "type": "git",
        "url": "ssh://git@github.com/OnixResearch/ucan.git"
      }
    },
    "unit2nix": {
      "inputs": {
        "flake-parts": "flake-parts",
        "nixpkgs": [
          "nixpkgs"
        ]
      },
      "locked": {
        "lastModified": 1776912549,
        "narHash": "sha256-gRcqbQ0NnPeS0rGVieUe1ojJ7MYPcG0NZ1pqnPmBUdc=",
        "owner": "brittonr",
        "repo": "unit2nix",
        "rev": "d4883180de0ce3033b7e4e2ab4216f33134863c5",
        "type": "github"
      },
      "original": {
        "owner": "brittonr",
        "repo": "unit2nix",
        "type": "github"
      }
    }
  },
  "root": "root",
  "version": 7
}
